
Microsoft Visual Studio Solution File, Format Version 12.00
# Visual Studio Version 17
VisualStudioVersion = 17.8.34330.188
MinimumVisualStudioVersion = 10.0.40219.1
Project("{FAE04EC0-301F-11D3-BF4B-00C04F79EFBC}") = "Scheduling_Simulator", "Scheduling_Simulator.csproj", "{E1FA00BE-A3C5-46A1-AAE2-E7345E54B9EA}"
EndProject
Global
	GlobalSection(SolutionConfigurationPlatforms) = preSolution
		Debug|Any CPU = Debug|Any CPU
		Release|Any CPU = Release|Any CPU
	EndGlobalSection
	GlobalSection(ProjectConfigurationPlatforms) = postSolution
		{E1FA00BE-A3C5-46A1-AAE2-E7345E54B9EA}.Debug|Any CPU.ActiveCfg = Debug|Any CPU
		{E1FA00BE-A3C5-46A1-AAE2-E7345E54B9EA}.Debug|Any CPU.Build.0 = Debug|Any CPU
		{E1FA00BE-A3C5-46A1-AAE2-E7345E54B9EA}.Release|Any CPU.ActiveCfg = Release|Any CPU
		{E1FA00BE-A3C5-46A1-AAE2-E7345E54B9EA}.Release|Any CPU.Build.0 = Release|Any CPU
	EndGlobalSection
	GlobalSection(SolutionProperties) = preSolution
		HideSolutionNode = FALSE
	EndGlobalSection
	GlobalSection(ExtensibilityGlobals) = postSolution
		SolutionGuid = {19ACEA73-36FD-4780-8E01-4F5EBB8B66D9}
	EndGlobalSection
EndGlobal
